
Microsoft Visual Studio Solution File, Format Version 12.00
# Visual Studio Version 17
VisualStudioVersion = 17.1.32210.238
MinimumVisualStudioVersion = 10.0.40219.1
Project("{FAE04EC0-301F-11D3-BF4B-00C04F79EFBC}") = "UI", "UI.csproj", "{49626E6C-D7DB-4DCE-9688-50E071605653}"
EndProject
Project("{FAE04EC0-301F-11D3-BF4B-00C04F79EFBC}") = "Singleton", "..\Singleton\Singleton.csproj", "{FCCDC0F9-4449-464F-815A-317BB1C4DDAC}"
EndProject
Project("{FAE04EC0-301F-11D3-BF4B-00C04F79EFBC}") = "Composite", "..\Composity\Composite.csproj", "{89118354-1A7C-42D1-A2A1-0E10D29A6468}"
EndProject
Project("{FAE04EC0-301F-11D3-BF4B-00C04F79EFBC}") = "FactoryMethod", "..\FactoryMethod\FactoryMethod.csproj", "{2F6DC020-8E86-4377-BE6A-DDB5FCED1DA5}"
EndProject
Project("{FAE04EC0-301F-11D3-BF4B-00C04F79EFBC}") = "Observer", "..\Observer\Observer.csproj", "{D657A086-2FE8-4836-AB76-CCAA290A4A75}"
EndProject
Project("{FAE04EC0-301F-11D3-BF4B-00C04F79EFBC}") = "SOLID", "..\SOLID\SOLID.csproj", "{B751F77B-2E48-4CE3-B8D7-47D24181C265}"
EndProject
Global
	GlobalSection(SolutionConfigurationPlatforms) = preSolution
		Debug|Any CPU = Debug|Any CPU
		Release|Any CPU = Release|Any CPU
	EndGlobalSection
	GlobalSection(ProjectConfigurationPlatforms) = postSolution
		{49626E6C-D7DB-4DCE-9688-50E071605653}.Debug|Any CPU.ActiveCfg = Debug|Any CPU
		{49626E6C-D7DB-4DCE-9688-50E071605653}.Debug|Any CPU.Build.0 = Debug|Any CPU
		{49626E6C-D7DB-4DCE-9688-50E071605653}.Release|Any CPU.ActiveCfg = Release|Any CPU
		{49626E6C-D7DB-4DCE-9688-50E071605653}.Release|Any CPU.Build.0 = Release|Any CPU
		{FCCDC0F9-4449-464F-815A-317BB1C4DDAC}.Debug|Any CPU.ActiveCfg = Debug|Any CPU
		{FCCDC0F9-4449-464F-815A-317BB1C4DDAC}.Debug|Any CPU.Build.0 = Debug|Any CPU
		{FCCDC0F9-4449-464F-815A-317BB1C4DDAC}.Release|Any CPU.ActiveCfg = Release|Any CPU
		{FCCDC0F9-4449-464F-815A-317BB1C4DDAC}.Release|Any CPU.Build.0 = Release|Any CPU
		{89118354-1A7C-42D1-A2A1-0E10D29A6468}.Debug|Any CPU.ActiveCfg = Debug|Any CPU
		{89118354-1A7C-42D1-A2A1-0E10D29A6468}.Debug|Any CPU.Build.0 = Debug|Any CPU
		{89118354-1A7C-42D1-A2A1-0E10D29A6468}.Release|Any CPU.ActiveCfg = Release|Any CPU
		{89118354-1A7C-42D1-A2A1-0E10D29A6468}.Release|Any CPU.Build.0 = Release|Any CPU
		{2F6DC020-8E86-4377-BE6A-DDB5FCED1DA5}.Debug|Any CPU.ActiveCfg = Debug|Any CPU
		{2F6DC020-8E86-4377-BE6A-DDB5FCED1DA5}.Debug|Any CPU.Build.0 = Debug|Any CPU
		{2F6DC020-8E86-4377-BE6A-DDB5FCED1DA5}.Release|Any CPU.ActiveCfg = Release|Any CPU
		{2F6DC020-8E86-4377-BE6A-DDB5FCED1DA5}.Release|Any CPU.Build.0 = Release|Any CPU
		{D657A086-2FE8-4836-AB76-CCAA290A4A75}.Debug|Any CPU.ActiveCfg = Debug|Any CPU
		{D657A086-2FE8-4836-AB76-CCAA290A4A75}.Debug|Any CPU.Build.0 = Debug|Any CPU
		{D657A086-2FE8-4836-AB76-CCAA290A4A75}.Release|Any CPU.ActiveCfg = Release|Any CPU
		{D657A086-2FE8-4836-AB76-CCAA290A4A75}.Release|Any CPU.Build.0 = Release|Any CPU
		{B751F77B-2E48-4CE3-B8D7-47D24181C265}.Debug|Any CPU.ActiveCfg = Debug|Any CPU
		{B751F77B-2E48-4CE3-B8D7-47D24181C265}.Debug|Any CPU.Build.0 = Debug|Any CPU
		{B751F77B-2E48-4CE3-B8D7-47D24181C265}.Release|Any CPU.ActiveCfg = Release|Any CPU
		{B751F77B-2E48-4CE3-B8D7-47D24181C265}.Release|Any CPU.Build.0 = Release|Any CPU
	EndGlobalSection
	GlobalSection(SolutionProperties) = preSolution
		HideSolutionNode = FALSE
	EndGlobalSection
	GlobalSection(ExtensibilityGlobals) = postSolution
		SolutionGuid = {7AA3F29F-21EC-458A-8956-E6B67D529852}
	EndGlobalSection
EndGlobal
